{
  "requires": true,
  "lockfileVersion": 1,
  "dependencies": {
    "vue-json-pretty": {
      "version": "1.6.0",
      "resolved": "https://registry.npmjs.org/vue-json-pretty/-/vue-json-pretty-1.6.0.tgz",
      "integrity": "sha512-yLQ2Kuk4S+fPxVncww9kPO72pTiGrZfgyi1P+Vhmy1kR7J1CwzYli8uyhgdTMPaz0h2zqiDF0VGtzX+FTrwbig=="
    }
  }
}
